
Microsoft Visual Studio Solution File, Format Version 12.00
# Visual Studio Version 17
VisualStudioVersion = 17.3.32922.545
MinimumVisualStudioVersion = 10.0.40219.1
Project("{FAE04EC0-301F-11D3-BF4B-00C04F79EFBC}") = "Domain", "Domain\Domain.csproj", "{861FA71A-5E31-4AF1-A54D-38326BF18107}"
EndProject
Global
	GlobalSection(SolutionConfigurationPlatforms) = preSolution
		Debug|Any CPU = Debug|Any CPU
		Release|Any CPU = Release|Any CPU
	EndGlobalSection
	GlobalSection(ProjectConfigurationPlatforms) = postSolution
		{861FA71A-5E31-4AF1-A54D-38326BF18107}.Debug|Any CPU.ActiveCfg = Debug|Any CPU
		{861FA71A-5E31-4AF1-A54D-38326BF18107}.Debug|Any CPU.Build.0 = Debug|Any CPU
		{861FA71A-5E31-4AF1-A54D-38326BF18107}.Release|Any CPU.ActiveCfg = Release|Any CPU
		{861FA71A-5E31-4AF1-A54D-38326BF18107}.Release|Any CPU.Build.0 = Release|Any CPU
	EndGlobalSection
	GlobalSection(SolutionProperties) = preSolution
		HideSolutionNode = FALSE
	EndGlobalSection
	GlobalSection(ExtensibilityGlobals) = postSolution
		SolutionGuid = {D057D916-5C63-4337-B228-6125F5646F43}
	EndGlobalSection
EndGlobal
